// !$*UTF8*$!
{
	archiveVersion = 1;
	classes = {
	};
	objectVersion = 77;
	objects = {

/* Begin PBXBuildFile section */
		981F32E02ED3B27B00F1C158 /* Adhan in Frameworks */ = {isa = PBXBuildFile; productRef = 981F32DF2ED3B27B00F1C158 /* Adhan */; };
		986B92E52FC490FE0033E808 /* WidgetKit.framework in Frameworks */ = {isa = PBXBuildFile; fileRef = 986B92E42FC490FD0033E808 /* WidgetKit.framework */; };
		986B92E72FC490FE0033E808 /* SwiftUI.framework in Frameworks */ = {isa = PBXBuildFile; fileRef = 986B92E62FC490FE0033E808 /* SwiftUI.framework */; };
		986B92F42FC490FF0033E808 /* iPrayerWidgetExtension.appex in Embed Foundation Extensions */ = {isa = PBXBuildFile; fileRef = 986B92E22FC490FD0033E808 /* iPrayerWidgetExtension.appex */; settings = {ATTRIBUTES = (RemoveHeadersOnCopy, ); }; };
		AC03CA45D00E80CA653B74F5 /* PrayerAttributes.swift in Sources */ = {isa = PBXBuildFile; fileRef = F7F897CF6B4DA4FE528FA384 /* PrayerAttributes.swift */; };
		B7A1C0022FD0000100AA0001 /* SharedPrayerSchedule.swift in Sources */ = {isa = PBXBuildFile; fileRef = B7A1C0012FD0000100AA0001 /* SharedPrayerSchedule.swift */; };
		B7A1C0032FD0000100AA0001 /* Adhan in Frameworks */ = {isa = PBXBuildFile; productRef = B7A1C0042FD0000100AA0001 /* Adhan */; };
		B7A1C0062FD0000100AA0002 /* KFGQPC Uthmanic Script HAFS Regular.otf in Resources */ = {isa = PBXBuildFile; fileRef = B7A1C0052FD0000100AA0002 /* KFGQPC Uthmanic Script HAFS Regular.otf */; };
		B7A1C0082FD0000100AA0002 /* SharedVerseOfTheDay.swift in Sources */ = {isa = PBXBuildFile; fileRef = B7A1C0072FD0000100AA0002 /* SharedVerseOfTheDay.swift */; };
		B7A1C10D2FD0000100AA0003 /* Adhan in Frameworks */ = {isa = PBXBuildFile; productRef = B7A1C10C2FD0000100AA0003 /* Adhan */; };
		B7A1C10E2FD0000100AA0003 /* SharedPrayerSchedule.swift in Sources */ = {isa = PBXBuildFile; fileRef = B7A1C0012FD0000100AA0001 /* SharedPrayerSchedule.swift */; };
		B7A1C10F2FD0000100AA0003 /* AppTranslations.swift in Sources */ = {isa = PBXBuildFile; fileRef = B7A1C1132FD0000100AA0003 /* AppTranslations.swift */; };
		B7A1C1102FD0000100AA0003 /* HomeWidgetsData.swift in Sources */ = {isa = PBXBuildFile; fileRef = B7A1C1142FD0000100AA0003 /* HomeWidgetsData.swift */; };
		B7A1C1112FD0000100AA0003 /* UserDefaultsKeys.swift in Sources */ = {isa = PBXBuildFile; fileRef = B7A1C1152FD0000100AA0003 /* UserDefaultsKeys.swift */; };
		B7A1C1122FD0000100AA0003 /* SharedWatchState.swift in Sources */ = {isa = PBXBuildFile; fileRef = B7A1C1162FD0000100AA0003 /* SharedWatchState.swift */; };
		B7A1C12C2FD0000100AA0003 /* Adhan in Frameworks */ = {isa = PBXBuildFile; productRef = B7A1C12B2FD0000100AA0003 /* Adhan */; };
		B7A1C12D2FD0000100AA0003 /* SharedPrayerSchedule.swift in Sources */ = {isa = PBXBuildFile; fileRef = B7A1C0012FD0000100AA0001 /* SharedPrayerSchedule.swift */; };
		B7A1C12E2FD0000100AA0003 /* iPrayerWatchWidgetExtension.appex in Embed Foundation Extensions */ = {isa = PBXBuildFile; fileRef = B7A1C1222FD0000100AA0003 /* iPrayerWatchWidgetExtension.appex */; settings = {ATTRIBUTES = (RemoveHeadersOnCopy, ); }; };
		B7A1C1312FD0000100AA0003 /* WidgetKit.framework in Frameworks */ = {isa = PBXBuildFile; fileRef = 986B92E42FC490FD0033E808 /* WidgetKit.framework */; };
		B7A1C1322FD0000100AA0003 /* SwiftUI.framework in Frameworks */ = {isa = PBXBuildFile; fileRef = 986B92E62FC490FE0033E808 /* SwiftUI.framework */; };
		B7A1C1422FD0000100AA0003 /* iPrayerWatch.app in Embed Watch Content */ = {isa = PBXBuildFile; fileRef = B7A1C1022FD0000100AA0003 /* iPrayerWatch.app */; settings = {ATTRIBUTES = (RemoveHeadersOnCopy, ); }; };
/* End PBXBuildFile section */

/* Begin PBXContainerItemProxy section */
		986B92F22FC490FF0033E808 /* PBXContainerItemProxy */ = {
			isa = PBXContainerItemProxy;
			containerPortal = 981F32C82ED3B11B00F1C158 /* Project object */;
			proxyType = 1;
			remoteGlobalIDString = 986B92E12FC490FD0033E808;
			remoteInfo = iPrayerWidgetExtension;
		};
		B7A1C12F2FD0000100AA0003 /* PBXContainerItemProxy */ = {
			isa = PBXContainerItemProxy;
			containerPortal = 981F32C82ED3B11B00F1C158 /* Project object */;
			proxyType = 1;
			remoteGlobalIDString = B7A1C1212FD0000100AA0003;
			remoteInfo = iPrayerWatchWidgetExtension;
		};
		B7A1C1432FD0000100AA0003 /* PBXContainerItemProxy */ = {
			isa = PBXContainerItemProxy;
			containerPortal = 981F32C82ED3B11B00F1C158 /* Project object */;
			proxyType = 1;
			remoteGlobalIDString = B7A1C1012FD0000100AA0003;
			remoteInfo = iPrayerWatch;
		};
/* End PBXContainerItemProxy section */

/* Begin PBXCopyFilesBuildPhase section */
		986B92F52FC490FF0033E808 /* Embed Foundation Extensions */ = {
			isa = PBXCopyFilesBuildPhase;
			buildActionMask = 2147483647;
			dstPath = "";
			dstSubfolderSpec = 13;
			files = (
				986B92F42FC490FF0033E808 /* iPrayerWidgetExtension.appex in Embed Foundation Extensions */,
			);
			name = "Embed Foundation Extensions";
			runOnlyForDeploymentPostprocessing = 0;
		};
		B7A1C1062FD0000100AA0003 /* Embed Foundation Extensions */ = {
			isa = PBXCopyFilesBuildPhase;
			buildActionMask = 2147483647;
			dstPath = "";
			dstSubfolderSpec = 13;
			files = (
				B7A1C12E2FD0000100AA0003 /* iPrayerWatchWidgetExtension.appex in Embed Foundation Extensions */,
			);
			name = "Embed Foundation Extensions";
			runOnlyForDeploymentPostprocessing = 0;
		};
		B7A1C1412FD0000100AA0003 /* Embed Watch Content */ = {
			isa = PBXCopyFilesBuildPhase;
			buildActionMask = 2147483647;
			dstPath = "$(CONTENTS_FOLDER_PATH)/Watch";
			dstSubfolderSpec = 16;
			files = (
				B7A1C1422FD0000100AA0003 /* iPrayerWatch.app in Embed Watch Content */,
			);
			name = "Embed Watch Content";
			runOnlyForDeploymentPostprocessing = 0;
		};
/* End PBXCopyFilesBuildPhase section */

/* Begin PBXFileReference section */
		981F32D02ED3B11B00F1C158 /* iPrayer.app */ = {isa = PBXFileReference; explicitFileType = wrapper.application; includeInIndex = 0; path = iPrayer.app; sourceTree = BUILT_PRODUCTS_DIR; };
		986B92E22FC490FD0033E808 /* iPrayerWidgetExtension.appex */ = {isa = PBXFileReference; explicitFileType = "wrapper.app-extension"; includeInIndex = 0; path = iPrayerWidgetExtension.appex; sourceTree = BUILT_PRODUCTS_DIR; };
		986B92E42FC490FD0033E808 /* WidgetKit.framework */ = {isa = PBXFileReference; lastKnownFileType = wrapper.framework; name = WidgetKit.framework; path = System/Library/Frameworks/WidgetKit.framework; sourceTree = SDKROOT; };
		986B92E62FC490FE0033E808 /* SwiftUI.framework */ = {isa = PBXFileReference; lastKnownFileType = wrapper.framework; name = SwiftUI.framework; path = System/Library/Frameworks/SwiftUI.framework; sourceTree = SDKROOT; };
		986B93022FC4A8280033E808 /* iPrayerWidgetExtension.entitlements */ = {isa = PBXFileReference; lastKnownFileType = text.plist.entitlements; path = iPrayerWidgetExtension.entitlements; sourceTree = "<group>"; };
		B7A1C0012FD0000100AA0001 /* SharedPrayerSchedule.swift */ = {isa = PBXFileReference; includeInIndex = 1; lastKnownFileType = sourcecode.swift; name = SharedPrayerSchedule.swift; path = iPrayer/SharedPrayerSchedule.swift; sourceTree = "<group>"; };
		B7A1C0052FD0000100AA0002 /* KFGQPC Uthmanic Script HAFS Regular.otf */ = {isa = PBXFileReference; includeInIndex = 1; lastKnownFileType = file; name = "KFGQPC Uthmanic Script HAFS Regular.otf"; path = "iPrayer/KFGQPC Uthmanic Script HAFS Regular.otf"; sourceTree = "<group>"; };
		B7A1C0072FD0000100AA0002 /* SharedVerseOfTheDay.swift */ = {isa = PBXFileReference; includeInIndex = 1; lastKnownFileType = sourcecode.swift; name = SharedVerseOfTheDay.swift; path = iPrayer/SharedVerseOfTheDay.swift; sourceTree = "<group>"; };
		B7A1C1022FD0000100AA0003 /* iPrayerWatch.app */ = {isa = PBXFileReference; explicitFileType = wrapper.application; includeInIndex = 0; path = iPrayerWatch.app; sourceTree = BUILT_PRODUCTS_DIR; };
		B7A1C1132FD0000100AA0003 /* AppTranslations.swift */ = {isa = PBXFileReference; includeInIndex = 1; lastKnownFileType = sourcecode.swift; name = AppTranslations.swift; path = iPrayer/Utilities/AppTranslations.swift; sourceTree = "<group>"; };
		B7A1C1142FD0000100AA0003 /* HomeWidgetsData.swift */ = {isa = PBXFileReference; includeInIndex = 1; lastKnownFileType = sourcecode.swift; name = HomeWidgetsData.swift; path = iPrayer/Models/HomeWidgetsData.swift; sourceTree = "<group>"; };
		B7A1C1152FD0000100AA0003 /* UserDefaultsKeys.swift */ = {isa = PBXFileReference; includeInIndex = 1; lastKnownFileType = sourcecode.swift; name = UserDefaultsKeys.swift; path = iPrayer/Utilities/UserDefaultsKeys.swift; sourceTree = "<group>"; };
		B7A1C1162FD0000100AA0003 /* SharedWatchState.swift */ = {isa = PBXFileReference; includeInIndex = 1; lastKnownFileType = sourcecode.swift; name = SharedWatchState.swift; path = iPrayer/SharedWatchState.swift; sourceTree = "<group>"; };
		B7A1C1222FD0000100AA0003 /* iPrayerWatchWidgetExtension.appex */ = {isa = PBXFileReference; explicitFileType = "wrapper.app-extension"; includeInIndex = 0; path = iPrayerWatchWidgetExtension.appex; sourceTree = BUILT_PRODUCTS_DIR; };
		F7F897CF6B4DA4FE528FA384 /* PrayerAttributes.swift */ = {isa = PBXFileReference; includeInIndex = 1; lastKnownFileType = sourcecode.swift; name = PrayerAttributes.swift; path = iPrayer/PrayerAttributes.swift; sourceTree = "<group>"; };
/* End PBXFileReference section */

/* Begin PBXFileSystemSynchronizedBuildFileExceptionSet section */
		986B92F82FC490FF0033E808 /* Exceptions for "iPrayerWidget" folder in "iPrayerWidgetExtension" target */ = {
			isa = PBXFileSystemSynchronizedBuildFileExceptionSet;
			membershipExceptions = (
				Info.plist,
			);
			target = 986B92E12FC490FD0033E808 /* iPrayerWidgetExtension */;
		};
		B7A1C10B2FD0000100AA0003 /* Exceptions for "iPrayerWatch" folder in "iPrayerWatch" target */ = {
			isa = PBXFileSystemSynchronizedBuildFileExceptionSet;
			membershipExceptions = (
				Info.plist,
			);
			target = B7A1C1012FD0000100AA0003 /* iPrayerWatch */;
		};
		B7A1C12A2FD0000100AA0003 /* Exceptions for "iPrayerWatchWidget" folder in "iPrayerWatchWidgetExtension" target */ = {
			isa = PBXFileSystemSynchronizedBuildFileExceptionSet;
			membershipExceptions = (
				Info.plist,
			);
			target = B7A1C1212FD0000100AA0003 /* iPrayerWatchWidgetExtension */;
		};
/* End PBXFileSystemSynchronizedBuildFileExceptionSet section */

/* Begin PBXFileSystemSynchronizedRootGroup section */
		981F32D22ED3B11B00F1C158 /* iPrayer */ = {
			isa = PBXFileSystemSynchronizedRootGroup;
			path = iPrayer;
			sourceTree = "<group>";
		};
		986B92E82FC490FE0033E808 /* iPrayerWidget */ = {
			isa = PBXFileSystemSynchronizedRootGroup;
			exceptions = (
				986B92F82FC490FF0033E808 /* Exceptions for "iPrayerWidget" folder in "iPrayerWidgetExtension" target */,
			);
			path = iPrayerWidget;
			sourceTree = "<group>";
		};
		B7A1C10A2FD0000100AA0003 /* iPrayerWatch */ = {
			isa = PBXFileSystemSynchronizedRootGroup;
			exceptions = (
				B7A1C10B2FD0000100AA0003 /* Exceptions for "iPrayerWatch" folder in "iPrayerWatch" target */,
			);
			path = iPrayerWatch;
			sourceTree = "<group>";
		};
		B7A1C1292FD0000100AA0003 /* iPrayerWatchWidget */ = {
			isa = PBXFileSystemSynchronizedRootGroup;
			exceptions = (
				B7A1C12A2FD0000100AA0003 /* Exceptions for "iPrayerWatchWidget" folder in "iPrayerWatchWidgetExtension" target */,
			);
			path = iPrayerWatchWidget;
			sourceTree = "<group>";
		};
/* End PBXFileSystemSynchronizedRootGroup section */

/* Begin PBXFrameworksBuildPhase section */
		981F32CD2ED3B11B00F1C158 /* Frameworks */ = {
			isa = PBXFrameworksBuildPhase;
			buildActionMask = 2147483647;
			files = (
				981F32E02ED3B27B00F1C158 /* Adhan in Frameworks */,
			);
			runOnlyForDeploymentPostprocessing = 0;
		};
		986B92DF2FC490FD0033E808 /* Frameworks */ = {
			isa = PBXFrameworksBuildPhase;
			buildActionMask = 2147483647;
			files = (
				986B92E72FC490FE0033E808 /* SwiftUI.framework in Frameworks */,
				986B92E52FC490FE0033E808 /* WidgetKit.framework in Frameworks */,
				B7A1C0032FD0000100AA0001 /* Adhan in Frameworks */,
			);
			runOnlyForDeploymentPostprocessing = 0;
		};
		B7A1C1042FD0000100AA0003 /* Frameworks */ = {
			isa = PBXFrameworksBuildPhase;
			buildActionMask = 2147483647;
			files = (
				B7A1C10D2FD0000100AA0003 /* Adhan in Frameworks */,
			);
			runOnlyForDeploymentPostprocessing = 0;
		};
		B7A1C1242FD0000100AA0003 /* Frameworks */ = {
			isa = PBXFrameworksBuildPhase;
			buildActionMask = 2147483647;
			files = (
				B7A1C1322FD0000100AA0003 /* SwiftUI.framework in Frameworks */,
				B7A1C1312FD0000100AA0003 /* WidgetKit.framework in Frameworks */,
				B7A1C12C2FD0000100AA0003 /* Adhan in Frameworks */,
			);
			runOnlyForDeploymentPostprocessing = 0;
		};
/* End PBXFrameworksBuildPhase section */

/* Begin PBXGroup section */
		981F32C72ED3B11B00F1C158 = {
			isa = PBXGroup;
			children = (
				986B93022FC4A8280033E808 /* iPrayerWidgetExtension.entitlements */,
				981F32D22ED3B11B00F1C158 /* iPrayer */,
				986B92E82FC490FE0033E808 /* iPrayerWidget */,
				986B92E32FC490FD0033E808 /* Frameworks */,
				981F32D12ED3B11B00F1C158 /* Products */,
				F7F897CF6B4DA4FE528FA384 /* PrayerAttributes.swift */,
				B7A1C0012FD0000100AA0001 /* SharedPrayerSchedule.swift */,
				B7A1C0052FD0000100AA0002 /* KFGQPC Uthmanic Script HAFS Regular.otf */,
				B7A1C0072FD0000100AA0002 /* SharedVerseOfTheDay.swift */,
				B7A1C10A2FD0000100AA0003 /* iPrayerWatch */,
				B7A1C1292FD0000100AA0003 /* iPrayerWatchWidget */,
				B7A1C1132FD0000100AA0003 /* AppTranslations.swift */,
				B7A1C1142FD0000100AA0003 /* HomeWidgetsData.swift */,
				B7A1C1152FD0000100AA0003 /* UserDefaultsKeys.swift */,
				B7A1C1162FD0000100AA0003 /* SharedWatchState.swift */,
			);
			sourceTree = "<group>";
		};
		981F32D12ED3B11B00F1C158 /* Products */ = {
			isa = PBXGroup;
			children = (
				981F32D02ED3B11B00F1C158 /* iPrayer.app */,
				986B92E22FC490FD0033E808 /* iPrayerWidgetExtension.appex */,
				B7A1C1022FD0000100AA0003 /* iPrayerWatch.app */,
				B7A1C1222FD0000100AA0003 /* iPrayerWatchWidgetExtension.appex */,
			);
			name = Products;
			sourceTree = "<group>";
		};
		986B92E32FC490FD0033E808 /* Frameworks */ = {
			isa = PBXGroup;
			children = (
				986B92E42FC490FD0033E808 /* WidgetKit.framework */,
				986B92E62FC490FE0033E808 /* SwiftUI.framework */,
			);
			name = Frameworks;
			sourceTree = "<group>";
		};
/* End PBXGroup section */

/* Begin PBXNativeTarget section */
		981F32CF2ED3B11B00F1C158 /* iPrayer */ = {
			isa = PBXNativeTarget;
			buildConfigurationList = 981F32DB2ED3B11C00F1C158 /* Build configuration list for PBXNativeTarget "iPrayer" */;
			buildPhases = (
				981F32CC2ED3B11B00F1C158 /* Sources */,
				981F32CD2ED3B11B00F1C158 /* Frameworks */,
				981F32CE2ED3B11B00F1C158 /* Resources */,
				986B92F52FC490FF0033E808 /* Embed Foundation Extensions */,
				B7A1C1412FD0000100AA0003 /* Embed Watch Content */,
			);
			buildRules = (
			);
			dependencies = (
				986B92F32FC490FF0033E808 /* PBXTargetDependency */,
				B7A1C1442FD0000100AA0003 /* PBXTargetDependency */,
			);
			fileSystemSynchronizedGroups = (
				981F32D22ED3B11B00F1C158 /* iPrayer */,
			);
			name = iPrayer;
			packageProductDependencies = (
				981F32DF2ED3B27B00F1C158 /* Adhan */,
			);
			productName = iPrayer;
			productReference = 981F32D02ED3B11B00F1C158 /* iPrayer.app */;
			productType = "com.apple.product-type.application";
		};
		986B92E12FC490FD0033E808 /* iPrayerWidgetExtension */ = {
			isa = PBXNativeTarget;
			buildConfigurationList = 986B92F92FC490FF0033E808 /* Build configuration list for PBXNativeTarget "iPrayerWidgetExtension" */;
			buildPhases = (
				986B92DE2FC490FD0033E808 /* Sources */,
				986B92DF2FC490FD0033E808 /* Frameworks */,
				986B92E02FC490FD0033E808 /* Resources */,
			);
			buildRules = (
			);
			dependencies = (
			);
			fileSystemSynchronizedGroups = (
				986B92E82FC490FE0033E808 /* iPrayerWidget */,
			);
			name = iPrayerWidgetExtension;
			packageProductDependencies = (
				B7A1C0042FD0000100AA0001 /* Adhan */,
			);
			productName = iPrayerWidgetExtension;
			productReference = 986B92E22FC490FD0033E808 /* iPrayerWidgetExtension.appex */;
			productType = "com.apple.product-type.app-extension";
		};
		B7A1C1012FD0000100AA0003 /* iPrayerWatch */ = {
			isa = PBXNativeTarget;
			buildConfigurationList = B7A1C1072FD0000100AA0003 /* Build configuration list for PBXNativeTarget "iPrayerWatch" */;
			buildPhases = (
				B7A1C1032FD0000100AA0003 /* Sources */,
				B7A1C1042FD0000100AA0003 /* Frameworks */,
				B7A1C1052FD0000100AA0003 /* Resources */,
				B7A1C1062FD0000100AA0003 /* Embed Foundation Extensions */,
			);
			buildRules = (
			);
			dependencies = (
				B7A1C1302FD0000100AA0003 /* PBXTargetDependency */,
			);
			fileSystemSynchronizedGroups = (
				B7A1C10A2FD0000100AA0003 /* iPrayerWatch */,
			);
			name = iPrayerWatch;
			packageProductDependencies = (
				B7A1C10C2FD0000100AA0003 /* Adhan */,
			);
			productName = iPrayerWatch;
			productReference = B7A1C1022FD0000100AA0003 /* iPrayerWatch.app */;
			productType = "com.apple.product-type.application";
		};
		B7A1C1212FD0000100AA0003 /* iPrayerWatchWidgetExtension */ = {
			isa = PBXNativeTarget;
			buildConfigurationList = B7A1C1262FD0000100AA0003 /* Build configuration list for PBXNativeTarget "iPrayerWatchWidgetExtension" */;
			buildPhases = (
				B7A1C1232FD0000100AA0003 /* Sources */,
				B7A1C1242FD0000100AA0003 /* Frameworks */,
				B7A1C1252FD0000100AA0003 /* Resources */,
			);
			buildRules = (
			);
			dependencies = (
			);
			fileSystemSynchronizedGroups = (
				B7A1C1292FD0000100AA0003 /* iPrayerWatchWidget */,
			);
			name = iPrayerWatchWidgetExtension;
			packageProductDependencies = (
				B7A1C12B2FD0000100AA0003 /* Adhan */,
			);
			productName = iPrayerWatchWidgetExtension;
			productReference = B7A1C1222FD0000100AA0003 /* iPrayerWatchWidgetExtension.appex */;
			productType = "com.apple.product-type.app-extension";
		};
/* End PBXNativeTarget section */

/* Begin PBXProject section */
		981F32C82ED3B11B00F1C158 /* Project object */ = {
			isa = PBXProject;
			attributes = {
				BuildIndependentTargetsInParallel = 1;
				LastSwiftUpdateCheck = 2630;
				LastUpgradeCheck = 2630;
				TargetAttributes = {
					981F32CF2ED3B11B00F1C158 = {
						CreatedOnToolsVersion = 26.1.1;
					};
					986B92E12FC490FD0033E808 = {
						CreatedOnToolsVersion = 26.3;
					};
					B7A1C1012FD0000100AA0003 = {
						CreatedOnToolsVersion = 26.3;
					};
					B7A1C1212FD0000100AA0003 = {
						CreatedOnToolsVersion = 26.3;
					};
				};
			};
			buildConfigurationList = 981F32CB2ED3B11B00F1C158 /* Build configuration list for PBXProject "iPrayer" */;
			developmentRegion = en;
			hasScannedForEncodings = 0;
			knownRegions = (
				en,
				Base,
			);
			mainGroup = 981F32C72ED3B11B00F1C158;
			minimizedProjectReferenceProxies = 1;
			packageReferences = (
				981F32DE2ED3B27B00F1C158 /* XCRemoteSwiftPackageReference "adhan-swift" */,
			);
			preferredProjectObjectVersion = 77;
			productRefGroup = 981F32D12ED3B11B00F1C158 /* Products */;
			projectDirPath = "";
			projectRoot = "";
			targets = (
				981F32CF2ED3B11B00F1C158 /* iPrayer */,
				986B92E12FC490FD0033E808 /* iPrayerWidgetExtension */,
				B7A1C1012FD0000100AA0003 /* iPrayerWatch */,
				B7A1C1212FD0000100AA0003 /* iPrayerWatchWidgetExtension */,
			);
		};
/* End PBXProject section */

/* Begin PBXResourcesBuildPhase section */
		981F32CE2ED3B11B00F1C158 /* Resources */ = {
			isa = PBXResourcesBuildPhase;
			buildActionMask = 2147483647;
			files = (
			);
			runOnlyForDeploymentPostprocessing = 0;
		};
		986B92E02FC490FD0033E808 /* Resources */ = {
			isa = PBXResourcesBuildPhase;
			buildActionMask = 2147483647;
			files = (
				B7A1C0062FD0000100AA0002 /* KFGQPC Uthmanic Script HAFS Regular.otf in Resources */,
			);
			runOnlyForDeploymentPostprocessing = 0;
		};
		B7A1C1052FD0000100AA0003 /* Resources */ = {
			isa = PBXResourcesBuildPhase;
			buildActionMask = 2147483647;
			files = (
			);
			runOnlyForDeploymentPostprocessing = 0;
		};
		B7A1C1252FD0000100AA0003 /* Resources */ = {
			isa = PBXResourcesBuildPhase;
			buildActionMask = 2147483647;
			files = (
			);
			runOnlyForDeploymentPostprocessing = 0;
		};
/* End PBXResourcesBuildPhase section */

/* Begin PBXSourcesBuildPhase section */
		981F32CC2ED3B11B00F1C158 /* Sources */ = {
			isa = PBXSourcesBuildPhase;
			buildActionMask = 2147483647;
			files = (
			);
			runOnlyForDeploymentPostprocessing = 0;
		};
		986B92DE2FC490FD0033E808 /* Sources */ = {
			isa = PBXSourcesBuildPhase;
			buildActionMask = 2147483647;
			files = (
				AC03CA45D00E80CA653B74F5 /* PrayerAttributes.swift in Sources */,
				B7A1C0022FD0000100AA0001 /* SharedPrayerSchedule.swift in Sources */,
				B7A1C0082FD0000100AA0002 /* SharedVerseOfTheDay.swift in Sources */,
			);
			runOnlyForDeploymentPostprocessing = 0;
		};
		B7A1C1032FD0000100AA0003 /* Sources */ = {
			isa = PBXSourcesBuildPhase;
			buildActionMask = 2147483647;
			files = (
				B7A1C10E2FD0000100AA0003 /* SharedPrayerSchedule.swift in Sources */,
				B7A1C10F2FD0000100AA0003 /* AppTranslations.swift in Sources */,
				B7A1C1102FD0000100AA0003 /* HomeWidgetsData.swift in Sources */,
				B7A1C1112FD0000100AA0003 /* UserDefaultsKeys.swift in Sources */,
				B7A1C1122FD0000100AA0003 /* SharedWatchState.swift in Sources */,
			);
			runOnlyForDeploymentPostprocessing = 0;
		};
		B7A1C1232FD0000100AA0003 /* Sources */ = {
			isa = PBXSourcesBuildPhase;
			buildActionMask = 2147483647;
			files = (
				B7A1C12D2FD0000100AA0003 /* SharedPrayerSchedule.swift in Sources */,
			);
			runOnlyForDeploymentPostprocessing = 0;
		};
/* End PBXSourcesBuildPhase section */

/* Begin PBXTargetDependency section */
		986B92F32FC490FF0033E808 /* PBXTargetDependency */ = {
			isa = PBXTargetDependency;
			target = 986B92E12FC490FD0033E808 /* iPrayerWidgetExtension */;
			targetProxy = 986B92F22FC490FF0033E808 /* PBXContainerItemProxy */;
		};
		B7A1C1302FD0000100AA0003 /* PBXTargetDependency */ = {
			isa = PBXTargetDependency;
			target = B7A1C1212FD0000100AA0003 /* iPrayerWatchWidgetExtension */;
			targetProxy = B7A1C12F2FD0000100AA0003 /* PBXContainerItemProxy */;
		};
		B7A1C1442FD0000100AA0003 /* PBXTargetDependency */ = {
			isa = PBXTargetDependency;
			target = B7A1C1012FD0000100AA0003 /* iPrayerWatch */;
			targetProxy = B7A1C1432FD0000100AA0003 /* PBXContainerItemProxy */;
		};
/* End PBXTargetDependency section */

/* Begin XCBuildConfiguration section */
		981F32D92ED3B11C00F1C158 /* Debug */ = {
			isa = XCBuildConfiguration;
			buildSettings = {
				ALWAYS_SEARCH_USER_PATHS = NO;
				ASSETCATALOG_COMPILER_GENERATE_SWIFT_ASSET_SYMBOL_EXTENSIONS = YES;
				CLANG_ANALYZER_NONNULL = YES;
				CLANG_ANALYZER_NUMBER_OBJECT_CONVERSION = YES_AGGRESSIVE;
				CLANG_CXX_LANGUAGE_STANDARD = "gnu++20";
				CLANG_ENABLE_MODULES = YES;
				CLANG_ENABLE_OBJC_ARC = YES;
				CLANG_ENABLE_OBJC_WEAK = YES;
				CLANG_WARN_BLOCK_CAPTURE_AUTORELEASING = YES;
				CLANG_WARN_BOOL_CONVERSION = YES;
				CLANG_WARN_COMMA = YES;
				CLANG_WARN_CONSTANT_CONVERSION = YES;
				CLANG_WARN_DEPRECATED_OBJC_IMPLEMENTATIONS = YES;
				CLANG_WARN_DIRECT_OBJC_ISA_USAGE = YES_ERROR;
				CLANG_WARN_DOCUMENTATION_COMMENTS = YES;
				CLANG_WARN_EMPTY_BODY = YES;
				CLANG_WARN_ENUM_CONVERSION = YES;
				CLANG_WARN_INFINITE_RECURSION = YES;
				CLANG_WARN_INT_CONVERSION = YES;
				CLANG_WARN_NON_LITERAL_NULL_CONVERSION = YES;
				CLANG_WARN_OBJC_IMPLICIT_RETAIN_SELF = YES;
				CLANG_WARN_OBJC_LITERAL_CONVERSION = YES;
				CLANG_WARN_OBJC_ROOT_CLASS = YES_ERROR;
				CLANG_WARN_QUOTED_INCLUDE_IN_FRAMEWORK_HEADER = YES;
				CLANG_WARN_RANGE_LOOP_ANALYSIS = YES;
				CLANG_WARN_STRICT_PROTOTYPES = YES;
				CLANG_WARN_SUSPICIOUS_MOVE = YES;
				CLANG_WARN_UNGUARDED_AVAILABILITY = YES_AGGRESSIVE;
				CLANG_WARN_UNREACHABLE_CODE = YES;
				CLANG_WARN__DUPLICATE_METHOD_MATCH = YES;
				COPY_PHASE_STRIP = NO;
				DEBUG_INFORMATION_FORMAT = dwarf;
				DEVELOPMENT_TEAM = LQZSTSHZ62;
				ENABLE_STRICT_OBJC_MSGSEND = YES;
				ENABLE_TESTABILITY = YES;
				ENABLE_USER_SCRIPT_SANDBOXING = YES;
				GCC_C_LANGUAGE_STANDARD = gnu17;
				GCC_DYNAMIC_NO_PIC = NO;
				GCC_NO_COMMON_BLOCKS = YES;
				GCC_OPTIMIZATION_LEVEL = 0;
				GCC_PREPROCESSOR_DEFINITIONS = (
					"DEBUG=1",
					"$(inherited)",
				);
				GCC_WARN_64_TO_32_BIT_CONVERSION = YES;
				GCC_WARN_ABOUT_RETURN_TYPE = YES_ERROR;
				GCC_WARN_UNDECLARED_SELECTOR = YES;
				GCC_WARN_UNINITIALIZED_AUTOS = YES_AGGRESSIVE;
				GCC_WARN_UNUSED_FUNCTION = YES;
				GCC_WARN_UNUSED_VARIABLE = YES;
				IPHONEOS_DEPLOYMENT_TARGET = 26.0;
				LOCALIZATION_PREFERS_STRING_CATALOGS = YES;
				MTL_ENABLE_DEBUG_INFO = INCLUDE_SOURCE;
				MTL_FAST_MATH = YES;
				ONLY_ACTIVE_ARCH = YES;
				SDKROOT = iphoneos;
				STRING_CATALOG_GENERATE_SYMBOLS = YES;
				SWIFT_ACTIVE_COMPILATION_CONDITIONS = "DEBUG $(inherited)";
				SWIFT_OPTIMIZATION_LEVEL = "-Onone";
			};
			name = Debug;
		};
		981F32DA2ED3B11C00F1C158 /* Release */ = {
			isa = XCBuildConfiguration;
			buildSettings = {
				ALWAYS_SEARCH_USER_PATHS = NO;
				ASSETCATALOG_COMPILER_GENERATE_SWIFT_ASSET_SYMBOL_EXTENSIONS = YES;
				CLANG_ANALYZER_NONNULL = YES;
				CLANG_ANALYZER_NUMBER_OBJECT_CONVERSION = YES_AGGRESSIVE;
				CLANG_CXX_LANGUAGE_STANDARD = "gnu++20";
				CLANG_ENABLE_MODULES = YES;
				CLANG_ENABLE_OBJC_ARC = YES;
				CLANG_ENABLE_OBJC_WEAK = YES;
				CLANG_WARN_BLOCK_CAPTURE_AUTORELEASING = YES;
				CLANG_WARN_BOOL_CONVERSION = YES;
				CLANG_WARN_COMMA = YES;
				CLANG_WARN_CONSTANT_CONVERSION = YES;
				CLANG_WARN_DEPRECATED_OBJC_IMPLEMENTATIONS = YES;
				CLANG_WARN_DIRECT_OBJC_ISA_USAGE = YES_ERROR;
				CLANG_WARN_DOCUMENTATION_COMMENTS = YES;
				CLANG_WARN_EMPTY_BODY = YES;
				CLANG_WARN_ENUM_CONVERSION = YES;
				CLANG_WARN_INFINITE_RECURSION = YES;
				CLANG_WARN_INT_CONVERSION = YES;
				CLANG_WARN_NON_LITERAL_NULL_CONVERSION = YES;
				CLANG_WARN_OBJC_IMPLICIT_RETAIN_SELF = YES;
				CLANG_WARN_OBJC_LITERAL_CONVERSION = YES;
				CLANG_WARN_OBJC_ROOT_CLASS = YES_ERROR;
				CLANG_WARN_QUOTED_INCLUDE_IN_FRAMEWORK_HEADER = YES;
				CLANG_WARN_RANGE_LOOP_ANALYSIS = YES;
				CLANG_WARN_STRICT_PROTOTYPES = YES;
				CLANG_WARN_SUSPICIOUS_MOVE = YES;
				CLANG_WARN_UNGUARDED_AVAILABILITY = YES_AGGRESSIVE;
				CLANG_WARN_UNREACHABLE_CODE = YES;
				CLANG_WARN__DUPLICATE_METHOD_MATCH = YES;
				COPY_PHASE_STRIP = NO;
				DEBUG_INFORMATION_FORMAT = "dwarf-with-dsym";
				DEVELOPMENT_TEAM = LQZSTSHZ62;
				ENABLE_NS_ASSERTIONS = NO;
				ENABLE_STRICT_OBJC_MSGSEND = YES;
				ENABLE_USER_SCRIPT_SANDBOXING = YES;
				GCC_C_LANGUAGE_STANDARD = gnu17;
				GCC_NO_COMMON_BLOCKS = YES;
				GCC_WARN_64_TO_32_BIT_CONVERSION = YES;
				GCC_WARN_ABOUT_RETURN_TYPE = YES_ERROR;
				GCC_WARN_UNDECLARED_SELECTOR = YES;
				GCC_WARN_UNINITIALIZED_AUTOS = YES_AGGRESSIVE;
				GCC_WARN_UNUSED_FUNCTION = YES;
				GCC_WARN_UNUSED_VARIABLE = YES;
				IPHONEOS_DEPLOYMENT_TARGET = 26.0;
				LOCALIZATION_PREFERS_STRING_CATALOGS = YES;
				MTL_ENABLE_DEBUG_INFO = NO;
				MTL_FAST_MATH = YES;
				SDKROOT = iphoneos;
				STRING_CATALOG_GENERATE_SYMBOLS = YES;
				SWIFT_COMPILATION_MODE = wholemodule;
				VALIDATE_PRODUCT = YES;
			};
			name = Release;
		};
		981F32DC2ED3B11C00F1C158 /* Debug */ = {
			isa = XCBuildConfiguration;
			buildSettings = {
				ASSETCATALOG_COMPILER_APPICON_NAME = AppIcon;
				ASSETCATALOG_COMPILER_GLOBAL_ACCENT_COLOR_NAME = AccentColor;
				CODE_SIGN_ENTITLEMENTS = iPrayer/iPrayer.entitlements;
				CODE_SIGN_STYLE = Automatic;
				CURRENT_PROJECT_VERSION = 8;
				DEVELOPMENT_TEAM = LQZSTSHZ62;
				ENABLE_PREVIEWS = YES;
				GENERATE_INFOPLIST_FILE = NO;
				INFOPLIST_FILE = "iPrayer-Info.plist";
				INFOPLIST_KEY_CFBundleDisplayName = iPrayer;
				INFOPLIST_KEY_NSLocationWhenInUseUsageDescription = "iPrayer uses your location to calculate prayer times and the Qibla direction.";
				INFOPLIST_KEY_NSSupportsLiveActivities = YES;
				INFOPLIST_KEY_UIAppFonts = "(KFGQPC Uthmanic Script HAFS Regular.otf)";
				INFOPLIST_KEY_UIApplicationSceneManifest_Generation = YES;
				INFOPLIST_KEY_UIApplicationSupportsIndirectInputEvents = YES;
				INFOPLIST_KEY_UIBackgroundModes = "audio fetch";
				INFOPLIST_KEY_UILaunchScreen_Generation = YES;
				INFOPLIST_KEY_UISupportedInterfaceOrientations_iPad = "UIInterfaceOrientationPortrait UIInterfaceOrientationPortraitUpsideDown UIInterfaceOrientationLandscapeLeft UIInterfaceOrientationLandscapeRight";
				INFOPLIST_KEY_UISupportedInterfaceOrientations_iPhone = "UIInterfaceOrientationPortrait UIInterfaceOrientationLandscapeLeft UIInterfaceOrientationLandscapeRight";
				IPHONEOS_DEPLOYMENT_TARGET = 26.0;
				LD_RUNPATH_SEARCH_PATHS = (
					"$(inherited)",
					"@executable_path/Frameworks",
				);
				MARKETING_VERSION = 1.1.0;
				PRODUCT_BUNDLE_IDENTIFIER = youssefkairum.iPrayer;
				PRODUCT_NAME = "$(TARGET_NAME)";
				STRING_CATALOG_GENERATE_SYMBOLS = YES;
				SWIFT_APPROACHABLE_CONCURRENCY = YES;
				SWIFT_DEFAULT_ACTOR_ISOLATION = MainActor;
				SWIFT_EMIT_LOC_STRINGS = YES;
				SWIFT_UPCOMING_FEATURE_MEMBER_IMPORT_VISIBILITY = YES;
				SWIFT_VERSION = 5.0;
				TARGETED_DEVICE_FAMILY = "1,2";
			};
			name = Debug;
		};
		981F32DD2ED3B11C00F1C158 /* Release */ = {
			isa = XCBuildConfiguration;
			buildSettings = {
				ASSETCATALOG_COMPILER_APPICON_NAME = AppIcon;
				ASSETCATALOG_COMPILER_GLOBAL_ACCENT_COLOR_NAME = AccentColor;
				CODE_SIGN_ENTITLEMENTS = iPrayer/iPrayer.entitlements;
				CODE_SIGN_STYLE = Automatic;
				CURRENT_PROJECT_VERSION = 8;
				DEVELOPMENT_TEAM = LQZSTSHZ62;
				ENABLE_PREVIEWS = YES;
				GENERATE_INFOPLIST_FILE = NO;
				INFOPLIST_FILE = "iPrayer-Info.plist";
				INFOPLIST_KEY_CFBundleDisplayName = iPrayer;
				INFOPLIST_KEY_NSLocationWhenInUseUsageDescription = "iPrayer uses your location to calculate prayer times and the Qibla direction.";
				INFOPLIST_KEY_NSSupportsLiveActivities = YES;
				INFOPLIST_KEY_UIAppFonts = "(KFGQPC Uthmanic Script HAFS Regular.otf)";
				INFOPLIST_KEY_UIApplicationSceneManifest_Generation = YES;
				INFOPLIST_KEY_UIApplicationSupportsIndirectInputEvents = YES;
				INFOPLIST_KEY_UIBackgroundModes = "audio fetch";
				INFOPLIST_KEY_UILaunchScreen_Generation = YES;
				INFOPLIST_KEY_UISupportedInterfaceOrientations_iPad = "UIInterfaceOrientationPortrait UIInterfaceOrientationPortraitUpsideDown UIInterfaceOrientationLandscapeLeft UIInterfaceOrientationLandscapeRight";
				INFOPLIST_KEY_UISupportedInterfaceOrientations_iPhone = "UIInterfaceOrientationPortrait UIInterfaceOrientationLandscapeLeft UIInterfaceOrientationLandscapeRight";
				IPHONEOS_DEPLOYMENT_TARGET = 26.0;
				LD_RUNPATH_SEARCH_PATHS = (
					"$(inherited)",
					"@executable_path/Frameworks",
				);
				MARKETING_VERSION = 1.1.0;
				PRODUCT_BUNDLE_IDENTIFIER = youssefkairum.iPrayer;
				PRODUCT_NAME = "$(TARGET_NAME)";
				STRING_CATALOG_GENERATE_SYMBOLS = YES;
				SWIFT_APPROACHABLE_CONCURRENCY = YES;
				SWIFT_DEFAULT_ACTOR_ISOLATION = MainActor;
				SWIFT_EMIT_LOC_STRINGS = YES;
				SWIFT_UPCOMING_FEATURE_MEMBER_IMPORT_VISIBILITY = YES;
				SWIFT_VERSION = 5.0;
				TARGETED_DEVICE_FAMILY = "1,2";
			};
			name = Release;
		};
		986B92F62FC490FF0033E808 /* Debug */ = {
			isa = XCBuildConfiguration;
			buildSettings = {
				ASSETCATALOG_COMPILER_GLOBAL_ACCENT_COLOR_NAME = AccentColor;
				ASSETCATALOG_COMPILER_WIDGET_BACKGROUND_COLOR_NAME = WidgetBackground;
				CODE_SIGN_ENTITLEMENTS = iPrayerWidgetExtension.entitlements;
				CODE_SIGN_STYLE = Automatic;
				CURRENT_PROJECT_VERSION = 8;
				DEVELOPMENT_TEAM = LQZSTSHZ62;
				GENERATE_INFOPLIST_FILE = YES;
				INFOPLIST_FILE = iPrayerWidget/Info.plist;
				INFOPLIST_KEY_CFBundleDisplayName = iPrayerWidget;
				INFOPLIST_KEY_NSHumanReadableCopyright = "";
				IPHONEOS_DEPLOYMENT_TARGET = 26.0;
				LD_RUNPATH_SEARCH_PATHS = (
					"$(inherited)",
					"@executable_path/Frameworks",
					"@executable_path/../../Frameworks",
				);
				MARKETING_VERSION = 1.1.0;
				PRODUCT_BUNDLE_IDENTIFIER = youssefkairum.iPrayer.iPrayerWidget;
				PRODUCT_NAME = "$(TARGET_NAME)";
				SKIP_INSTALL = YES;
				STRING_CATALOG_GENERATE_SYMBOLS = YES;
				SWIFT_APPROACHABLE_CONCURRENCY = YES;
				SWIFT_EMIT_LOC_STRINGS = YES;
				SWIFT_UPCOMING_FEATURE_MEMBER_IMPORT_VISIBILITY = YES;
				SWIFT_VERSION = 5.0;
				TARGETED_DEVICE_FAMILY = "1,2";
			};
			name = Debug;
		};
		986B92F72FC490FF0033E808 /* Release */ = {
			isa = XCBuildConfiguration;
			buildSettings = {
				ASSETCATALOG_COMPILER_GLOBAL_ACCENT_COLOR_NAME = AccentColor;
				ASSETCATALOG_COMPILER_WIDGET_BACKGROUND_COLOR_NAME = WidgetBackground;
				CODE_SIGN_ENTITLEMENTS = iPrayerWidgetExtension.entitlements;
				CODE_SIGN_STYLE = Automatic;
				CURRENT_PROJECT_VERSION = 8;
				DEVELOPMENT_TEAM = LQZSTSHZ62;
				GENERATE_INFOPLIST_FILE = YES;
				INFOPLIST_FILE = iPrayerWidget/Info.plist;
				INFOPLIST_KEY_CFBundleDisplayName = iPrayerWidget;
				INFOPLIST_KEY_NSHumanReadableCopyright = "";
				IPHONEOS_DEPLOYMENT_TARGET = 26.0;
				LD_RUNPATH_SEARCH_PATHS = (
					"$(inherited)",
					"@executable_path/Frameworks",
					"@executable_path/../../Frameworks",
				);
				MARKETING_VERSION = 1.1.0;
				PRODUCT_BUNDLE_IDENTIFIER = youssefkairum.iPrayer.iPrayerWidget;
				PRODUCT_NAME = "$(TARGET_NAME)";
				SKIP_INSTALL = YES;
				STRING_CATALOG_GENERATE_SYMBOLS = YES;
				SWIFT_APPROACHABLE_CONCURRENCY = YES;
				SWIFT_EMIT_LOC_STRINGS = YES;
				SWIFT_UPCOMING_FEATURE_MEMBER_IMPORT_VISIBILITY = YES;
				SWIFT_VERSION = 5.0;
				TARGETED_DEVICE_FAMILY = "1,2";
			};
			name = Release;
		};
		B7A1C1082FD0000100AA0003 /* Debug */ = {
			isa = XCBuildConfiguration;
			buildSettings = {
				ASSETCATALOG_COMPILER_APPICON_NAME = AppIcon;
				ASSETCATALOG_COMPILER_GLOBAL_ACCENT_COLOR_NAME = AccentColor;
				CODE_SIGN_ENTITLEMENTS = iPrayerWatch/iPrayerWatch.entitlements;
				CODE_SIGN_STYLE = Automatic;
				CURRENT_PROJECT_VERSION = 8;
				DEBUG_INFORMATION_FORMAT = dwarf;
				DEVELOPMENT_TEAM = LQZSTSHZ62;
				ENABLE_PREVIEWS = YES;
				GENERATE_INFOPLIST_FILE = YES;
				INFOPLIST_FILE = iPrayerWatch/Info.plist;
				INFOPLIST_KEY_CFBundleDisplayName = iPrayer;
				LD_RUNPATH_SEARCH_PATHS = (
					"$(inherited)",
					"@executable_path/Frameworks",
				);
				MARKETING_VERSION = 1.1.0;
				PRODUCT_BUNDLE_IDENTIFIER = youssefkairum.iPrayer.watchkitapp;
				PRODUCT_NAME = "$(TARGET_NAME)";
				SDKROOT = watchos;
				SKIP_INSTALL = YES;
				STRING_CATALOG_GENERATE_SYMBOLS = YES;
				SWIFT_APPROACHABLE_CONCURRENCY = YES;
				SWIFT_DEFAULT_ACTOR_ISOLATION = MainActor;
				SWIFT_EMIT_LOC_STRINGS = YES;
				SWIFT_UPCOMING_FEATURE_MEMBER_IMPORT_VISIBILITY = YES;
				SWIFT_VERSION = 5.0;
				TARGETED_DEVICE_FAMILY = 4;
				WATCHOS_DEPLOYMENT_TARGET = 10.0;
			};
			name = Debug;
		};
		B7A1C1092FD0000100AA0003 /* Release */ = {
			isa = XCBuildConfiguration;
			buildSettings = {
				ASSETCATALOG_COMPILER_APPICON_NAME = AppIcon;
				ASSETCATALOG_COMPILER_GLOBAL_ACCENT_COLOR_NAME = AccentColor;
				CODE_SIGN_ENTITLEMENTS = iPrayerWatch/iPrayerWatch.entitlements;
				CODE_SIGN_STYLE = Automatic;
				CURRENT_PROJECT_VERSION = 8;
				DEBUG_INFORMATION_FORMAT = "dwarf-with-dsym";
				DEVELOPMENT_TEAM = LQZSTSHZ62;
				ENABLE_PREVIEWS = YES;
				GENERATE_INFOPLIST_FILE = YES;
				INFOPLIST_FILE = iPrayerWatch/Info.plist;
				INFOPLIST_KEY_CFBundleDisplayName = iPrayer;
				LD_RUNPATH_SEARCH_PATHS = (
					"$(inherited)",
					"@executable_path/Frameworks",
				);
				MARKETING_VERSION = 1.1.0;
				PRODUCT_BUNDLE_IDENTIFIER = youssefkairum.iPrayer.watchkitapp;
				PRODUCT_NAME = "$(TARGET_NAME)";
				SDKROOT = watchos;
				SKIP_INSTALL = YES;
				STRING_CATALOG_GENERATE_SYMBOLS = YES;
				SWIFT_APPROACHABLE_CONCURRENCY = YES;
				SWIFT_DEFAULT_ACTOR_ISOLATION = MainActor;
				SWIFT_EMIT_LOC_STRINGS = YES;
				SWIFT_UPCOMING_FEATURE_MEMBER_IMPORT_VISIBILITY = YES;
				SWIFT_VERSION = 5.0;
				TARGETED_DEVICE_FAMILY = 4;
				WATCHOS_DEPLOYMENT_TARGET = 10.0;
			};
			name = Release;
		};
		B7A1C1272FD0000100AA0003 /* Debug */ = {
			isa = XCBuildConfiguration;
			buildSettings = {
				ASSETCATALOG_COMPILER_GLOBAL_ACCENT_COLOR_NAME = AccentColor;
				CODE_SIGN_ENTITLEMENTS = iPrayerWatchWidget/iPrayerWatchWidget.entitlements;
				CODE_SIGN_STYLE = Automatic;
				CURRENT_PROJECT_VERSION = 8;
				DEBUG_INFORMATION_FORMAT = dwarf;
				DEVELOPMENT_TEAM = LQZSTSHZ62;
				GENERATE_INFOPLIST_FILE = YES;
				INFOPLIST_FILE = iPrayerWatchWidget/Info.plist;
				INFOPLIST_KEY_CFBundleDisplayName = "iPrayer Complications";
				INFOPLIST_KEY_NSHumanReadableCopyright = "";
				LD_RUNPATH_SEARCH_PATHS = (
					"$(inherited)",
					"@executable_path/Frameworks",
					"@executable_path/../../Frameworks",
				);
				MARKETING_VERSION = 1.1.0;
				PRODUCT_BUNDLE_IDENTIFIER = youssefkairum.iPrayer.watchkitapp.complications;
				PRODUCT_NAME = "$(TARGET_NAME)";
				SDKROOT = watchos;
				SKIP_INSTALL = YES;
				STRING_CATALOG_GENERATE_SYMBOLS = YES;
				SWIFT_APPROACHABLE_CONCURRENCY = YES;
				SWIFT_EMIT_LOC_STRINGS = YES;
				SWIFT_UPCOMING_FEATURE_MEMBER_IMPORT_VISIBILITY = YES;
				SWIFT_VERSION = 5.0;
				TARGETED_DEVICE_FAMILY = 4;
				WATCHOS_DEPLOYMENT_TARGET = 10.0;
			};
			name = Debug;
		};
		B7A1C1282FD0000100AA0003 /* Release */ = {
			isa = XCBuildConfiguration;
			buildSettings = {
				ASSETCATALOG_COMPILER_GLOBAL_ACCENT_COLOR_NAME = AccentColor;
				CODE_SIGN_ENTITLEMENTS = iPrayerWatchWidget/iPrayerWatchWidget.entitlements;
				CODE_SIGN_STYLE = Automatic;
				CURRENT_PROJECT_VERSION = 8;
				DEBUG_INFORMATION_FORMAT = "dwarf-with-dsym";
				DEVELOPMENT_TEAM = LQZSTSHZ62;
				GENERATE_INFOPLIST_FILE = YES;
				INFOPLIST_FILE = iPrayerWatchWidget/Info.plist;
				INFOPLIST_KEY_CFBundleDisplayName = "iPrayer Complications";
				INFOPLIST_KEY_NSHumanReadableCopyright = "";
				LD_RUNPATH_SEARCH_PATHS = (
					"$(inherited)",
					"@executable_path/Frameworks",
					"@executable_path/../../Frameworks",
				);
				MARKETING_VERSION = 1.1.0;
				PRODUCT_BUNDLE_IDENTIFIER = youssefkairum.iPrayer.watchkitapp.complications;
				PRODUCT_NAME = "$(TARGET_NAME)";
				SDKROOT = watchos;
				SKIP_INSTALL = YES;
				STRING_CATALOG_GENERATE_SYMBOLS = YES;
				SWIFT_APPROACHABLE_CONCURRENCY = YES;
				SWIFT_EMIT_LOC_STRINGS = YES;
				SWIFT_UPCOMING_FEATURE_MEMBER_IMPORT_VISIBILITY = YES;
				SWIFT_VERSION = 5.0;
				TARGETED_DEVICE_FAMILY = 4;
				WATCHOS_DEPLOYMENT_TARGET = 10.0;
			};
			name = Release;
		};
/* End XCBuildConfiguration section */

/* Begin XCConfigurationList section */
		981F32CB2ED3B11B00F1C158 /* Build configuration list for PBXProject "iPrayer" */ = {
			isa = XCConfigurationList;
			buildConfigurations = (
				981F32D92ED3B11C00F1C158 /* Debug */,
				981F32DA2ED3B11C00F1C158 /* Release */,
			);
			defaultConfigurationIsVisible = 0;
			defaultConfigurationName = Release;
		};
		981F32DB2ED3B11C00F1C158 /* Build configuration list for PBXNativeTarget "iPrayer" */ = {
			isa = XCConfigurationList;
			buildConfigurations = (
				981F32DC2ED3B11C00F1C158 /* Debug */,
				981F32DD2ED3B11C00F1C158 /* Release */,
			);
			defaultConfigurationIsVisible = 0;
			defaultConfigurationName = Release;
		};
		986B92F92FC490FF0033E808 /* Build configuration list for PBXNativeTarget "iPrayerWidgetExtension" */ = {
			isa = XCConfigurationList;
			buildConfigurations = (
				986B92F62FC490FF0033E808 /* Debug */,
				986B92F72FC490FF0033E808 /* Release */,
			);
			defaultConfigurationIsVisible = 0;
			defaultConfigurationName = Release;
		};
		B7A1C1072FD0000100AA0003 /* Build configuration list for PBXNativeTarget "iPrayerWatch" */ = {
			isa = XCConfigurationList;
			buildConfigurations = (
				B7A1C1082FD0000100AA0003 /* Debug */,
				B7A1C1092FD0000100AA0003 /* Release */,
			);
			defaultConfigurationIsVisible = 0;
			defaultConfigurationName = Release;
		};
		B7A1C1262FD0000100AA0003 /* Build configuration list for PBXNativeTarget "iPrayerWatchWidgetExtension" */ = {
			isa = XCConfigurationList;
			buildConfigurations = (
				B7A1C1272FD0000100AA0003 /* Debug */,
				B7A1C1282FD0000100AA0003 /* Release */,
			);
			defaultConfigurationIsVisible = 0;
			defaultConfigurationName = Release;
		};
/* End XCConfigurationList section */

/* Begin XCRemoteSwiftPackageReference section */
		981F32DE2ED3B27B00F1C158 /* XCRemoteSwiftPackageReference "adhan-swift" */ = {
			isa = XCRemoteSwiftPackageReference;
			repositoryURL = "https://github.com/batoulapps/adhan-swift";
			requirement = {
				kind = upToNextMajorVersion;
				minimumVersion = 1.4.0;
			};
		};
/* End XCRemoteSwiftPackageReference section */

/* Begin XCSwiftPackageProductDependency section */
		981F32DF2ED3B27B00F1C158 /* Adhan */ = {
			isa = XCSwiftPackageProductDependency;
			package = 981F32DE2ED3B27B00F1C158 /* XCRemoteSwiftPackageReference "adhan-swift" */;
			productName = Adhan;
		};
		B7A1C0042FD0000100AA0001 /* Adhan */ = {
			isa = XCSwiftPackageProductDependency;
			package = 981F32DE2ED3B27B00F1C158 /* XCRemoteSwiftPackageReference "adhan-swift" */;
			productName = Adhan;
		};
		B7A1C10C2FD0000100AA0003 /* Adhan */ = {
			isa = XCSwiftPackageProductDependency;
			package = 981F32DE2ED3B27B00F1C158 /* XCRemoteSwiftPackageReference "adhan-swift" */;
			productName = Adhan;
		};
		B7A1C12B2FD0000100AA0003 /* Adhan */ = {
			isa = XCSwiftPackageProductDependency;
			package = 981F32DE2ED3B27B00F1C158 /* XCRemoteSwiftPackageReference "adhan-swift" */;
			productName = Adhan;
		};
/* End XCSwiftPackageProductDependency section */
	};
	rootObject = 981F32C82ED3B11B00F1C158 /* Project object */;
}
